// !$*UTF8*$!
{
	archiveVersion = 1;
	classes = {
	};
	objectVersion = 77;
	objects = {

/* Begin PBXBuildFile section */
		2A03494A2F02A709003DECEA /* FirebaseAuth in Frameworks */ = {isa = PBXBuildFile; productRef = 2A0349492F02A709003DECEA /* FirebaseAuth */; };
		2A03494C2F02A709003DECEA /* FirebaseCrashlytics in Frameworks */ = {isa = PBXBuildFile; productRef = 2A03494B2F02A709003DECEA /* FirebaseCrashlytics */; };
		2A03494E2F02A709003DECEA /* FirebaseFirestore in Frameworks */ = {isa = PBXBuildFile; productRef = 2A03494D2F02A709003DECEA /* FirebaseFirestore */; };
		2A0349A12F03ACD7003DECEA /* CLAUDE.md in Resources */ = {isa = PBXBuildFile; fileRef = 2A0349A02F03ACD7003DECEA /* CLAUDE.md */; };
		2A0349E82F04FEE3003DECEA /* FirebaseStorage in Frameworks */ = {isa = PBXBuildFile; productRef = 2A0349E72F04FEE3003DECEA /* FirebaseStorage */; };
/* End PBXBuildFile section */

/* Begin PBXContainerItemProxy section */
		2A8048E22F02923A001FA4CE /* PBXContainerItemProxy */ = {
			isa = PBXContainerItemProxy;
			containerPortal = 2A8048CC2F029239001FA4CE /* Project object */;
			proxyType = 1;
			remoteGlobalIDString = 2A8048D32F029239001FA4CE;
			remoteInfo = RunRun;
		};
		2A8048EC2F02923A001FA4CE /* PBXContainerItemProxy */ = {
			isa = PBXContainerItemProxy;
			containerPortal = 2A8048CC2F029239001FA4CE /* Project object */;
			proxyType = 1;
			remoteGlobalIDString = 2A8048D32F029239001FA4CE;
			remoteInfo = RunRun;
		};
/* End PBXContainerItemProxy section */

/* Begin PBXFileReference section */
		2A0349A02F03ACD7003DECEA /* CLAUDE.md */ = {isa = PBXFileReference; lastKnownFileType = net.daringfireball.markdown; path = CLAUDE.md; sourceTree = "<group>"; };
		2A8048D42F029239001FA4CE /* RunRun.app */ = {isa = PBXFileReference; explicitFileType = wrapper.application; includeInIndex = 0; path = RunRun.app; sourceTree = BUILT_PRODUCTS_DIR; };
		2A8048E12F02923A001FA4CE /* RunRunTests.xctest */ = {isa = PBXFileReference; explicitFileType = wrapper.cfbundle; includeInIndex = 0; path = RunRunTests.xctest; sourceTree = BUILT_PRODUCTS_DIR; };
		2A8048EB2F02923A001FA4CE /* RunRunUITests.xctest */ = {isa = PBXFileReference; explicitFileType = wrapper.cfbundle; includeInIndex = 0; path = RunRunUITests.xctest; sourceTree = BUILT_PRODUCTS_DIR; };
		2A80492C2F0295E5001FA4CE /* RunRun.xcodeproj */ = {isa = PBXFileReference; lastKnownFileType = "wrapper.pb-project"; path = RunRun.xcodeproj; sourceTree = "<group>"; };
/* End PBXFileReference section */

/* Begin PBXFileSystemSynchronizedRootGroup section */
		2A8048D62F029239001FA4CE /* RunRun */ = {
			isa = PBXFileSystemSynchronizedRootGroup;
			path = RunRun;
			sourceTree = "<group>";
		};
		2A8048E42F02923A001FA4CE /* RunRunTests */ = {
			isa = PBXFileSystemSynchronizedRootGroup;
			path = RunRunTests;
			sourceTree = "<group>";
		};
		2A8048EE2F02923A001FA4CE /* RunRunUITests */ = {
			isa = PBXFileSystemSynchronizedRootGroup;
			path = RunRunUITests;
			sourceTree = "<group>";
		};
/* End PBXFileSystemSynchronizedRootGroup section */

/* Begin PBXFrameworksBuildPhase section */
		2A8048D12F029239001FA4CE /* Frameworks */ = {
			isa = PBXFrameworksBuildPhase;
			buildActionMask = 2147483647;
			files = (
				2A03494A2F02A709003DECEA /* FirebaseAuth in Frameworks */,
				2A0349E82F04FEE3003DECEA /* FirebaseStorage in Frameworks */,
				2A03494C2F02A709003DECEA /* FirebaseCrashlytics in Frameworks */,
				2A03494E2F02A709003DECEA /* FirebaseFirestore in Frameworks */,
			);
			runOnlyForDeploymentPostprocessing = 0;
		};
		2A8048DE2F02923A001FA4CE /* Frameworks */ = {
			isa = PBXFrameworksBuildPhase;
			buildActionMask = 2147483647;
			files = (
			);
			runOnlyForDeploymentPostprocessing = 0;
		};
		2A8048E82F02923A001FA4CE /* Frameworks */ = {
			isa = PBXFrameworksBuildPhase;
			buildActionMask = 2147483647;
			files = (
			);
			runOnlyForDeploymentPostprocessing = 0;
		};
/* End PBXFrameworksBuildPhase section */

/* Begin PBXGroup section */
		2A0349E62F04FEE3003DECEA /* Frameworks */ = {
			isa = PBXGroup;
			children = (
			);
			name = Frameworks;
			sourceTree = "<group>";
		};
		2A8048CB2F029239001FA4CE = {
			isa = PBXGroup;
			children = (
				2A8048D62F029239001FA4CE /* RunRun */,
				2A8048E42F02923A001FA4CE /* RunRunTests */,
				2A8048EE2F02923A001FA4CE /* RunRunUITests */,
				2A8048D52F029239001FA4CE /* Products */,
				2A0349A02F03ACD7003DECEA /* CLAUDE.md */,
				2A0349E62F04FEE3003DECEA /* Frameworks */,
			);
			sourceTree = "<group>";
		};
		2A8048D52F029239001FA4CE /* Products */ = {
			isa = PBXGroup;
			children = (
				2A8048D42F029239001FA4CE /* RunRun.app */,
				2A8048E12F02923A001FA4CE /* RunRunTests.xctest */,
				2A8048EB2F02923A001FA4CE /* RunRunUITests.xctest */,
			);
			name = Products;
			sourceTree = "<group>";
		};
		2A80492D2F0295E5001FA4CE /* Products */ = {
			isa = PBXGroup;
			children = (
			);
			name = Products;
			sourceTree = "<group>";
		};
/* End PBXGroup section */

/* Begin PBXNativeTarget section */
		2A8048D32F029239001FA4CE /* RunRun */ = {
			isa = PBXNativeTarget;
			buildConfigurationList = 2A8048F52F02923A001FA4CE /* Build configuration list for PBXNativeTarget "RunRun" */;
			buildPhases = (
				2A0349FF2F10LICENSE003DE /* Generate Licenses */,
				2A8048D02F029239001FA4CE /* Sources */,
				2A8048D12F029239001FA4CE /* Frameworks */,
				2A8048D22F029239001FA4CE /* Resources */,
				2A0349FF2F10DSYM003DECEA /* Upload dSYMs to Crashlytics */,
			);
			buildRules = (
			);
			dependencies = (
			);
			fileSystemSynchronizedGroups = (
				2A8048D62F029239001FA4CE /* RunRun */,
			);
			name = RunRun;
			packageProductDependencies = (
				2A0349492F02A709003DECEA /* FirebaseAuth */,
				2A03494B2F02A709003DECEA /* FirebaseCrashlytics */,
				2A03494D2F02A709003DECEA /* FirebaseFirestore */,
				2A0349E72F04FEE3003DECEA /* FirebaseStorage */,
			);
			productName = RunRun;
			productReference = 2A8048D42F029239001FA4CE /* RunRun.app */;
			productType = "com.apple.product-type.application";
		};
		2A8048E02F02923A001FA4CE /* RunRunTests */ = {
			isa = PBXNativeTarget;
			buildConfigurationList = 2A8048F82F02923A001FA4CE /* Build configuration list for PBXNativeTarget "RunRunTests" */;
			buildPhases = (
				2A8048DD2F02923A001FA4CE /* Sources */,
				2A8048DE2F02923A001FA4CE /* Frameworks */,
				2A8048DF2F02923A001FA4CE /* Resources */,
			);
			buildRules = (
			);
			dependencies = (
				2A8048E32F02923A001FA4CE /* PBXTargetDependency */,
			);
			fileSystemSynchronizedGroups = (
				2A8048E42F02923A001FA4CE /* RunRunTests */,
			);
			name = RunRunTests;
			packageProductDependencies = (
			);
			productName = RunRunTests;
			productReference = 2A8048E12F02923A001FA4CE /* RunRunTests.xctest */;
			productType = "com.apple.product-type.bundle.unit-test";
		};
		2A8048EA2F02923A001FA4CE /* RunRunUITests */ = {
			isa = PBXNativeTarget;
			buildConfigurationList = 2A8048FB2F02923A001FA4CE /* Build configuration list for PBXNativeTarget "RunRunUITests" */;
			buildPhases = (
				2A8048E72F02923A001FA4CE /* Sources */,
				2A8048E82F02923A001FA4CE /* Frameworks */,
				2A8048E92F02923A001FA4CE /* Resources */,
			);
			buildRules = (
			);
			dependencies = (
				2A8048ED2F02923A001FA4CE /* PBXTargetDependency */,
			);
			fileSystemSynchronizedGroups = (
				2A8048EE2F02923A001FA4CE /* RunRunUITests */,
			);
			name = RunRunUITests;
			packageProductDependencies = (
			);
			productName = RunRunUITests;
			productReference = 2A8048EB2F02923A001FA4CE /* RunRunUITests.xctest */;
			productType = "com.apple.product-type.bundle.ui-testing";
		};
/* End PBXNativeTarget section */

/* Begin PBXProject section */
		2A8048CC2F029239001FA4CE /* Project object */ = {
			isa = PBXProject;
			attributes = {
				BuildIndependentTargetsInParallel = 1;
				LastSwiftUpdateCheck = 2620;
				LastUpgradeCheck = 2620;
				TargetAttributes = {
					2A8048D32F029239001FA4CE = {
						CreatedOnToolsVersion = 26.2;
					};
					2A8048E02F02923A001FA4CE = {
						CreatedOnToolsVersion = 26.2;
						TestTargetID = 2A8048D32F029239001FA4CE;
					};
					2A8048EA2F02923A001FA4CE = {
						CreatedOnToolsVersion = 26.2;
						TestTargetID = 2A8048D32F029239001FA4CE;
					};
				};
			};
			buildConfigurationList = 2A8048CF2F029239001FA4CE /* Build configuration list for PBXProject "RunRun" */;
			developmentRegion = en;
			hasScannedForEncodings = 0;
			knownRegions = (
				en,
				Base,
			);
			mainGroup = 2A8048CB2F029239001FA4CE;
			minimizedProjectReferenceProxies = 1;
			packageReferences = (
				2A0349482F02A709003DECEA /* XCRemoteSwiftPackageReference "firebase-ios-sdk" */,
			);
			preferredProjectObjectVersion = 77;
			productRefGroup = 2A8048D52F029239001FA4CE /* Products */;
			projectDirPath = "";
			projectReferences = (
				{
					ProductGroup = 2A80492D2F0295E5001FA4CE /* Products */;
					ProjectRef = 2A80492C2F0295E5001FA4CE /* RunRun.xcodeproj */;
				},
			);
			projectRoot = "";
			targets = (
				2A8048D32F029239001FA4CE /* RunRun */,
				2A8048E02F02923A001FA4CE /* RunRunTests */,
				2A8048EA2F02923A001FA4CE /* RunRunUITests */,
			);
		};
/* End PBXProject section */

/* Begin PBXResourcesBuildPhase section */
		2A8048D22F029239001FA4CE /* Resources */ = {
			isa = PBXResourcesBuildPhase;
			buildActionMask = 2147483647;
			files = (
				2A0349A12F03ACD7003DECEA /* CLAUDE.md in Resources */,
			);
			runOnlyForDeploymentPostprocessing = 0;
		};
		2A8048DF2F02923A001FA4CE /* Resources */ = {
			isa = PBXResourcesBuildPhase;
			buildActionMask = 2147483647;
			files = (
			);
			runOnlyForDeploymentPostprocessing = 0;
		};
		2A8048E92F02923A001FA4CE /* Resources */ = {
			isa = PBXResourcesBuildPhase;
			buildActionMask = 2147483647;
			files = (
			);
			runOnlyForDeploymentPostprocessing = 0;
		};
/* End PBXResourcesBuildPhase section */

/* Begin PBXShellScriptBuildPhase section */
		2A0349FF2F10LICENSE003DE /* Generate Licenses */ = {
			isa = PBXShellScriptBuildPhase;
			buildActionMask = 2147483647;
			files = (
			);
			inputPaths = (
				"$(SRCROOT)/RunRun.xcodeproj/project.xcworkspace/xcshareddata/swiftpm/Package.resolved",
			);
			name = "Generate Licenses";
			outputPaths = (
				"$(SRCROOT)/RunRun/Settings.bundle/com.mono0926.LicensePlist.plist",
			);
			runOnlyForDeploymentPostprocessing = 0;
			shellPath = /bin/sh;
			shellScript = "if which license-plist >/dev/null; then\n  license-plist --output-path \"${SRCROOT}/RunRun/Settings.bundle\" --package-path \"${SRCROOT}/RunRun.xcodeproj/project.xcworkspace/xcshareddata/swiftpm/Package.resolved\"\nfi\n";
		};
		2A0349FF2F10DSYM003DECEA /* Upload dSYMs to Crashlytics */ = {
			isa = PBXShellScriptBuildPhase;
			buildActionMask = 2147483647;
			files = (
			);
			inputPaths = (
				"${DWARF_DSYM_FOLDER_PATH}/${DWARF_DSYM_FILE_NAME}",
				"${DWARF_DSYM_FOLDER_PATH}/${DWARF_DSYM_FILE_NAME}/Contents/Resources/DWARF/${PRODUCT_NAME}",
				"${DWARF_DSYM_FOLDER_PATH}/${DWARF_DSYM_FILE_NAME}/Contents/Info.plist",
				"$(TARGET_BUILD_DIR)/$(INFOPLIST_PATH)",
				"$(BUILT_PRODUCTS_DIR)/$(PRODUCT_NAME).app/GoogleService-Info.plist",
			);
			name = "Upload dSYMs to Crashlytics";
			outputPaths = (
			);
			runOnlyForDeploymentPostprocessing = 0;
			shellPath = /bin/sh;
			shellScript = "# CI環境ではworkflowで別途アップロードするためスキップ\nif [ \"$CI\" = \"true\" ]; then\n  echo \"Skipping dSYM upload in CI (handled by workflow)\"\n  exit 0\nfi\n\n\"${BUILD_DIR%/Build/*}/SourcePackages/checkouts/firebase-ios-sdk/Crashlytics/run\"\n";
		};
/* End PBXShellScriptBuildPhase section */

/* Begin PBXSourcesBuildPhase section */
		2A8048D02F029239001FA4CE /* Sources */ = {
			isa = PBXSourcesBuildPhase;
			buildActionMask = 2147483647;
			files = (
			);
			runOnlyForDeploymentPostprocessing = 0;
		};
		2A8048DD2F02923A001FA4CE /* Sources */ = {
			isa = PBXSourcesBuildPhase;
			buildActionMask = 2147483647;
			files = (
			);
			runOnlyForDeploymentPostprocessing = 0;
		};
		2A8048E72F02923A001FA4CE /* Sources */ = {
			isa = PBXSourcesBuildPhase;
			buildActionMask = 2147483647;
			files = (
			);
			runOnlyForDeploymentPostprocessing = 0;
		};
/* End PBXSourcesBuildPhase section */

/* Begin PBXTargetDependency section */
		2A8048E32F02923A001FA4CE /* PBXTargetDependency */ = {
			isa = PBXTargetDependency;
			target = 2A8048D32F029239001FA4CE /* RunRun */;
			targetProxy = 2A8048E22F02923A001FA4CE /* PBXContainerItemProxy */;
		};
		2A8048ED2F02923A001FA4CE /* PBXTargetDependency */ = {
			isa = PBXTargetDependency;
			target = 2A8048D32F029239001FA4CE /* RunRun */;
			targetProxy = 2A8048EC2F02923A001FA4CE /* PBXContainerItemProxy */;
		};
/* End PBXTargetDependency section */

/* Begin XCBuildConfiguration section */
		2A8048F32F02923A001FA4CE /* Debug */ = {
			isa = XCBuildConfiguration;
			buildSettings = {
				ALWAYS_SEARCH_USER_PATHS = NO;
				ASSETCATALOG_COMPILER_GENERATE_SWIFT_ASSET_SYMBOL_EXTENSIONS = YES;
				CLANG_ANALYZER_NONNULL = YES;
				CLANG_ANALYZER_NUMBER_OBJECT_CONVERSION = YES_AGGRESSIVE;
				CLANG_CXX_LANGUAGE_STANDARD = "gnu++20";
				CLANG_ENABLE_MODULES = YES;
				CLANG_ENABLE_OBJC_ARC = YES;
				CLANG_ENABLE_OBJC_WEAK = YES;
				CLANG_WARN_BLOCK_CAPTURE_AUTORELEASING = YES;
				CLANG_WARN_BOOL_CONVERSION = YES;
				CLANG_WARN_COMMA = YES;
				CLANG_WARN_CONSTANT_CONVERSION = YES;
				CLANG_WARN_DEPRECATED_OBJC_IMPLEMENTATIONS = YES;
				CLANG_WARN_DIRECT_OBJC_ISA_USAGE = YES_ERROR;
				CLANG_WARN_DOCUMENTATION_COMMENTS = YES;
				CLANG_WARN_EMPTY_BODY = YES;
				CLANG_WARN_ENUM_CONVERSION = YES;
				CLANG_WARN_INFINITE_RECURSION = YES;
				CLANG_WARN_INT_CONVERSION = YES;
				CLANG_WARN_NON_LITERAL_NULL_CONVERSION = YES;
				CLANG_WARN_OBJC_IMPLICIT_RETAIN_SELF = YES;
				CLANG_WARN_OBJC_LITERAL_CONVERSION = YES;
				CLANG_WARN_OBJC_ROOT_CLASS = YES_ERROR;
				CLANG_WARN_QUOTED_INCLUDE_IN_FRAMEWORK_HEADER = YES;
				CLANG_WARN_RANGE_LOOP_ANALYSIS = YES;
				CLANG_WARN_STRICT_PROTOTYPES = YES;
				CLANG_WARN_SUSPICIOUS_MOVE = YES;
				CLANG_WARN_UNGUARDED_AVAILABILITY = YES_AGGRESSIVE;
				CLANG_WARN_UNREACHABLE_CODE = YES;
				CLANG_WARN__DUPLICATE_METHOD_MATCH = YES;
				COPY_PHASE_STRIP = NO;
				DEBUG_INFORMATION_FORMAT = dwarf;
				DEVELOPMENT_TEAM = U9296HT99T;
				ENABLE_STRICT_OBJC_MSGSEND = YES;
				ENABLE_TESTABILITY = YES;
				ENABLE_USER_SCRIPT_SANDBOXING = YES;
				GCC_C_LANGUAGE_STANDARD = gnu17;
				GCC_DYNAMIC_NO_PIC = NO;
				GCC_NO_COMMON_BLOCKS = YES;
				GCC_OPTIMIZATION_LEVEL = 0;
				GCC_PREPROCESSOR_DEFINITIONS = (
					"DEBUG=1",
					"$(inherited)",
				);
				GCC_WARN_64_TO_32_BIT_CONVERSION = YES;
				GCC_WARN_ABOUT_RETURN_TYPE = YES_ERROR;
				GCC_WARN_UNDECLARED_SELECTOR = YES;
				GCC_WARN_UNINITIALIZED_AUTOS = YES_AGGRESSIVE;
				GCC_WARN_UNUSED_FUNCTION = YES;
				GCC_WARN_UNUSED_VARIABLE = YES;
				IPHONEOS_DEPLOYMENT_TARGET = 26.2;
				LOCALIZATION_PREFERS_STRING_CATALOGS = YES;
				MTL_ENABLE_DEBUG_INFO = INCLUDE_SOURCE;
				MTL_FAST_MATH = YES;
				ONLY_ACTIVE_ARCH = YES;
				SDKROOT = iphoneos;
				SWIFT_ACTIVE_COMPILATION_CONDITIONS = "DEBUG $(inherited)";
				SWIFT_OPTIMIZATION_LEVEL = "-Onone";
			};
			name = Debug;
		};
		2A8048F42F02923A001FA4CE /* Release */ = {
			isa = XCBuildConfiguration;
			buildSettings = {
				ALWAYS_SEARCH_USER_PATHS = NO;
				ASSETCATALOG_COMPILER_GENERATE_SWIFT_ASSET_SYMBOL_EXTENSIONS = YES;
				CLANG_ANALYZER_NONNULL = YES;
				CLANG_ANALYZER_NUMBER_OBJECT_CONVERSION = YES_AGGRESSIVE;
				CLANG_CXX_LANGUAGE_STANDARD = "gnu++20";
				CLANG_ENABLE_MODULES = YES;
				CLANG_ENABLE_OBJC_ARC = YES;
				CLANG_ENABLE_OBJC_WEAK = YES;
				CLANG_WARN_BLOCK_CAPTURE_AUTORELEASING = YES;
				CLANG_WARN_BOOL_CONVERSION = YES;
				CLANG_WARN_COMMA = YES;
				CLANG_WARN_CONSTANT_CONVERSION = YES;
				CLANG_WARN_DEPRECATED_OBJC_IMPLEMENTATIONS = YES;
				CLANG_WARN_DIRECT_OBJC_ISA_USAGE = YES_ERROR;
				CLANG_WARN_DOCUMENTATION_COMMENTS = YES;
				CLANG_WARN_EMPTY_BODY = YES;
				CLANG_WARN_ENUM_CONVERSION = YES;
				CLANG_WARN_INFINITE_RECURSION = YES;
				CLANG_WARN_INT_CONVERSION = YES;
				CLANG_WARN_NON_LITERAL_NULL_CONVERSION = YES;
				CLANG_WARN_OBJC_IMPLICIT_RETAIN_SELF = YES;
				CLANG_WARN_OBJC_LITERAL_CONVERSION = YES;
				CLANG_WARN_OBJC_ROOT_CLASS = YES_ERROR;
				CLANG_WARN_QUOTED_INCLUDE_IN_FRAMEWORK_HEADER = YES;
				CLANG_WARN_RANGE_LOOP_ANALYSIS = YES;
				CLANG_WARN_STRICT_PROTOTYPES = YES;
				CLANG_WARN_SUSPICIOUS_MOVE = YES;
				CLANG_WARN_UNGUARDED_AVAILABILITY = YES_AGGRESSIVE;
				CLANG_WARN_UNREACHABLE_CODE = YES;
				CLANG_WARN__DUPLICATE_METHOD_MATCH = YES;
				COPY_PHASE_STRIP = NO;
				DEBUG_INFORMATION_FORMAT = "dwarf-with-dsym";
				DEVELOPMENT_TEAM = U9296HT99T;
				ENABLE_NS_ASSERTIONS = NO;
				ENABLE_STRICT_OBJC_MSGSEND = YES;
				ENABLE_USER_SCRIPT_SANDBOXING = YES;
				GCC_C_LANGUAGE_STANDARD = gnu17;
				GCC_NO_COMMON_BLOCKS = YES;
				GCC_WARN_64_TO_32_BIT_CONVERSION = YES;
				GCC_WARN_ABOUT_RETURN_TYPE = YES_ERROR;
				GCC_WARN_UNDECLARED_SELECTOR = YES;
				GCC_WARN_UNINITIALIZED_AUTOS = YES_AGGRESSIVE;
				GCC_WARN_UNUSED_FUNCTION = YES;
				GCC_WARN_UNUSED_VARIABLE = YES;
				IPHONEOS_DEPLOYMENT_TARGET = 26.2;
				LOCALIZATION_PREFERS_STRING_CATALOGS = YES;
				MTL_ENABLE_DEBUG_INFO = NO;
				MTL_FAST_MATH = YES;
				SDKROOT = iphoneos;
				SWIFT_COMPILATION_MODE = wholemodule;
				VALIDATE_PRODUCT = YES;
			};
			name = Release;
		};
		2A8048F62F02923A001FA4CE /* Debug */ = {
			isa = XCBuildConfiguration;
			buildSettings = {
				ASSETCATALOG_COMPILER_APPICON_NAME = RunRun;
				ASSETCATALOG_COMPILER_GLOBAL_ACCENT_COLOR_NAME = AccentColor;
				ASSETCATALOG_COMPILER_INCLUDE_ALL_APPICON_ASSETS = NO;
				CODE_SIGN_ENTITLEMENTS = RunRun/RunRun.entitlements;
				CODE_SIGN_STYLE = Automatic;
				CURRENT_PROJECT_VERSION = 1;
				DEVELOPMENT_TEAM = U9296HT99T;
				ENABLE_PREVIEWS = YES;
				GENERATE_INFOPLIST_FILE = YES;
				INFOPLIST_KEY_ITSAppUsesNonExemptEncryption = NO;
				INFOPLIST_KEY_NSHealthShareUsageDescription = "ランニングの記録を表示するためにヘルスケアデータへのアクセスが必要です。";
				INFOPLIST_KEY_NSHealthUpdateUsageDescription = "ランニングの記録をヘルスケアに保存するために使用します。";
				INFOPLIST_KEY_NSPhotoLibraryUsageDescription = "ランニングの記録を写真に保存するために使用します。";
				INFOPLIST_KEY_UIApplicationSceneManifest_Generation = YES;
				INFOPLIST_KEY_UIApplicationSupportsIndirectInputEvents = YES;
				INFOPLIST_KEY_UILaunchScreen_Generation = YES;
				INFOPLIST_KEY_UISupportedInterfaceOrientations_iPad = "UIInterfaceOrientationPortrait UIInterfaceOrientationPortraitUpsideDown UIInterfaceOrientationLandscapeLeft UIInterfaceOrientationLandscapeRight";
				INFOPLIST_KEY_UISupportedInterfaceOrientations_iPhone = "UIInterfaceOrientationPortrait UIInterfaceOrientationLandscapeLeft UIInterfaceOrientationLandscapeRight";
				LD_RUNPATH_SEARCH_PATHS = (
					"$(inherited)",
					"@executable_path/Frameworks",
				);
				MARKETING_VERSION = 1.0;
				PRODUCT_BUNDLE_IDENTIFIER = com.himatsubu.RunRun;
				PRODUCT_NAME = "$(TARGET_NAME)";
				STRING_CATALOG_GENERATE_SYMBOLS = YES;
				SWIFT_APPROACHABLE_CONCURRENCY = YES;
				SWIFT_DEFAULT_ACTOR_ISOLATION = MainActor;
				SWIFT_EMIT_LOC_STRINGS = YES;
				SWIFT_UPCOMING_FEATURE_MEMBER_IMPORT_VISIBILITY = YES;
				SWIFT_VERSION = 5.0;
				TARGETED_DEVICE_FAMILY = "1,2";
			};
			name = Debug;
		};
		2A8048F72F02923A001FA4CE /* Release */ = {
			isa = XCBuildConfiguration;
			buildSettings = {
				ASSETCATALOG_COMPILER_APPICON_NAME = RunRun;
				ASSETCATALOG_COMPILER_GLOBAL_ACCENT_COLOR_NAME = AccentColor;
				ASSETCATALOG_COMPILER_INCLUDE_ALL_APPICON_ASSETS = NO;
				CODE_SIGN_ENTITLEMENTS = RunRun/RunRun.entitlements;
				CODE_SIGN_IDENTITY = "Apple Distribution";
				"CODE_SIGN_IDENTITY[sdk=iphoneos*]" = "iPhone Distribution";
				CODE_SIGN_STYLE = Manual;
				CURRENT_PROJECT_VERSION = 1;
				DEVELOPMENT_TEAM = U9296HT99T;
				"DEVELOPMENT_TEAM[sdk=iphoneos*]" = U9296HT99T;
				ENABLE_PREVIEWS = YES;
				GENERATE_INFOPLIST_FILE = YES;
				INFOPLIST_KEY_ITSAppUsesNonExemptEncryption = NO;
				INFOPLIST_KEY_NSHealthShareUsageDescription = "ランニングの記録を表示するためにヘルスケアデータへのアクセスが必要です。";
				INFOPLIST_KEY_NSHealthUpdateUsageDescription = "ランニングの記録をヘルスケアに保存するために使用します。";
				INFOPLIST_KEY_NSPhotoLibraryUsageDescription = "ランニングの記録を写真に保存するために使用します。";
				INFOPLIST_KEY_UIApplicationSceneManifest_Generation = YES;
				INFOPLIST_KEY_UIApplicationSupportsIndirectInputEvents = YES;
				INFOPLIST_KEY_UILaunchScreen_Generation = YES;
				INFOPLIST_KEY_UISupportedInterfaceOrientations_iPad = "UIInterfaceOrientationPortrait UIInterfaceOrientationPortraitUpsideDown UIInterfaceOrientationLandscapeLeft UIInterfaceOrientationLandscapeRight";
				INFOPLIST_KEY_UISupportedInterfaceOrientations_iPhone = "UIInterfaceOrientationPortrait UIInterfaceOrientationLandscapeLeft UIInterfaceOrientationLandscapeRight";
				LD_RUNPATH_SEARCH_PATHS = (
					"$(inherited)",
					"@executable_path/Frameworks",
				);
				MARKETING_VERSION = 1.0;
				PRODUCT_BUNDLE_IDENTIFIER = com.himatsubu.RunRun;
				PRODUCT_NAME = "$(TARGET_NAME)";
				PROVISIONING_PROFILE_SPECIFIER = "RunRun Distribution";
				STRING_CATALOG_GENERATE_SYMBOLS = YES;
				SWIFT_APPROACHABLE_CONCURRENCY = YES;
				SWIFT_DEFAULT_ACTOR_ISOLATION = MainActor;
				SWIFT_EMIT_LOC_STRINGS = YES;
				SWIFT_UPCOMING_FEATURE_MEMBER_IMPORT_VISIBILITY = YES;
				SWIFT_VERSION = 5.0;
				TARGETED_DEVICE_FAMILY = "1,2";
			};
			name = Release;
		};
		2A8048F92F02923A001FA4CE /* Debug */ = {
			isa = XCBuildConfiguration;
			buildSettings = {
				BUNDLE_LOADER = "$(TEST_HOST)";
				CODE_SIGN_STYLE = Automatic;
				CURRENT_PROJECT_VERSION = 1;
				DEVELOPMENT_TEAM = U9296HT99T;
				GENERATE_INFOPLIST_FILE = YES;
				IPHONEOS_DEPLOYMENT_TARGET = 26.2;
				MARKETING_VERSION = 1.0;
				PRODUCT_BUNDLE_IDENTIFIER = com.himatsubu.RunRunTests;
				PRODUCT_NAME = "$(TARGET_NAME)";
				STRING_CATALOG_GENERATE_SYMBOLS = NO;
				SWIFT_APPROACHABLE_CONCURRENCY = YES;
				SWIFT_EMIT_LOC_STRINGS = NO;
				SWIFT_UPCOMING_FEATURE_MEMBER_IMPORT_VISIBILITY = YES;
				SWIFT_VERSION = 5.0;
				TARGETED_DEVICE_FAMILY = "1,2";
				TEST_HOST = "$(BUILT_PRODUCTS_DIR)/RunRun.app/$(BUNDLE_EXECUTABLE_FOLDER_PATH)/RunRun";
			};
			name = Debug;
		};
		2A8048FA2F02923A001FA4CE /* Release */ = {
			isa = XCBuildConfiguration;
			buildSettings = {
				BUNDLE_LOADER = "$(TEST_HOST)";
				CODE_SIGN_STYLE = Automatic;
				CURRENT_PROJECT_VERSION = 1;
				DEVELOPMENT_TEAM = U9296HT99T;
				GENERATE_INFOPLIST_FILE = YES;
				IPHONEOS_DEPLOYMENT_TARGET = 26.2;
				MARKETING_VERSION = 1.0;
				PRODUCT_BUNDLE_IDENTIFIER = com.himatsubu.RunRunTests;
				PRODUCT_NAME = "$(TARGET_NAME)";
				STRING_CATALOG_GENERATE_SYMBOLS = NO;
				SWIFT_APPROACHABLE_CONCURRENCY = YES;
				SWIFT_EMIT_LOC_STRINGS = NO;
				SWIFT_UPCOMING_FEATURE_MEMBER_IMPORT_VISIBILITY = YES;
				SWIFT_VERSION = 5.0;
				TARGETED_DEVICE_FAMILY = "1,2";
				TEST_HOST = "$(BUILT_PRODUCTS_DIR)/RunRun.app/$(BUNDLE_EXECUTABLE_FOLDER_PATH)/RunRun";
			};
			name = Release;
		};
		2A8048FC2F02923A001FA4CE /* Debug */ = {
			isa = XCBuildConfiguration;
			buildSettings = {
				CODE_SIGN_STYLE = Automatic;
				CURRENT_PROJECT_VERSION = 1;
				DEVELOPMENT_TEAM = U9296HT99T;
				GENERATE_INFOPLIST_FILE = YES;
				MARKETING_VERSION = 1.0;
				PRODUCT_BUNDLE_IDENTIFIER = com.himatsubu.RunRunUITests;
				PRODUCT_NAME = "$(TARGET_NAME)";
				STRING_CATALOG_GENERATE_SYMBOLS = NO;
				SWIFT_APPROACHABLE_CONCURRENCY = YES;
				SWIFT_EMIT_LOC_STRINGS = NO;
				SWIFT_UPCOMING_FEATURE_MEMBER_IMPORT_VISIBILITY = YES;
				SWIFT_VERSION = 5.0;
				TARGETED_DEVICE_FAMILY = "1,2";
				TEST_TARGET_NAME = RunRun;
			};
			name = Debug;
		};
		2A8048FD2F02923A001FA4CE /* Release */ = {
			isa = XCBuildConfiguration;
			buildSettings = {
				CODE_SIGN_STYLE = Automatic;
				CURRENT_PROJECT_VERSION = 1;
				DEVELOPMENT_TEAM = U9296HT99T;
				GENERATE_INFOPLIST_FILE = YES;
				MARKETING_VERSION = 1.0;
				PRODUCT_BUNDLE_IDENTIFIER = com.himatsubu.RunRunUITests;
				PRODUCT_NAME = "$(TARGET_NAME)";
				STRING_CATALOG_GENERATE_SYMBOLS = NO;
				SWIFT_APPROACHABLE_CONCURRENCY = YES;
				SWIFT_EMIT_LOC_STRINGS = NO;
				SWIFT_UPCOMING_FEATURE_MEMBER_IMPORT_VISIBILITY = YES;
				SWIFT_VERSION = 5.0;
				TARGETED_DEVICE_FAMILY = "1,2";
				TEST_TARGET_NAME = RunRun;
			};
			name = Release;
		};
/* End XCBuildConfiguration section */

/* Begin XCConfigurationList section */
		2A8048CF2F029239001FA4CE /* Build configuration list for PBXProject "RunRun" */ = {
			isa = XCConfigurationList;
			buildConfigurations = (
				2A8048F32F02923A001FA4CE /* Debug */,
				2A8048F42F02923A001FA4CE /* Release */,
			);
			defaultConfigurationIsVisible = 0;
			defaultConfigurationName = Release;
		};
		2A8048F52F02923A001FA4CE /* Build configuration list for PBXNativeTarget "RunRun" */ = {
			isa = XCConfigurationList;
			buildConfigurations = (
				2A8048F62F02923A001FA4CE /* Debug */,
				2A8048F72F02923A001FA4CE /* Release */,
			);
			defaultConfigurationIsVisible = 0;
			defaultConfigurationName = Release;
		};
		2A8048F82F02923A001FA4CE /* Build configuration list for PBXNativeTarget "RunRunTests" */ = {
			isa = XCConfigurationList;
			buildConfigurations = (
				2A8048F92F02923A001FA4CE /* Debug */,
				2A8048FA2F02923A001FA4CE /* Release */,
			);
			defaultConfigurationIsVisible = 0;
			defaultConfigurationName = Release;
		};
		2A8048FB2F02923A001FA4CE /* Build configuration list for PBXNativeTarget "RunRunUITests" */ = {
			isa = XCConfigurationList;
			buildConfigurations = (
				2A8048FC2F02923A001FA4CE /* Debug */,
				2A8048FD2F02923A001FA4CE /* Release */,
			);
			defaultConfigurationIsVisible = 0;
			defaultConfigurationName = Release;
		};
/* End XCConfigurationList section */

/* Begin XCRemoteSwiftPackageReference section */
		2A0349482F02A709003DECEA /* XCRemoteSwiftPackageReference "firebase-ios-sdk" */ = {
			isa = XCRemoteSwiftPackageReference;
			repositoryURL = "https://github.com/firebase/firebase-ios-sdk";
			requirement = {
				kind = upToNextMajorVersion;
				minimumVersion = 12.7.0;
			};
		};
/* End XCRemoteSwiftPackageReference section */

/* Begin XCSwiftPackageProductDependency section */
		2A0349492F02A709003DECEA /* FirebaseAuth */ = {
			isa = XCSwiftPackageProductDependency;
			package = 2A0349482F02A709003DECEA /* XCRemoteSwiftPackageReference "firebase-ios-sdk" */;
			productName = FirebaseAuth;
		};
		2A03494B2F02A709003DECEA /* FirebaseCrashlytics */ = {
			isa = XCSwiftPackageProductDependency;
			package = 2A0349482F02A709003DECEA /* XCRemoteSwiftPackageReference "firebase-ios-sdk" */;
			productName = FirebaseCrashlytics;
		};
		2A03494D2F02A709003DECEA /* FirebaseFirestore */ = {
			isa = XCSwiftPackageProductDependency;
			package = 2A0349482F02A709003DECEA /* XCRemoteSwiftPackageReference "firebase-ios-sdk" */;
			productName = FirebaseFirestore;
		};
		2A0349E72F04FEE3003DECEA /* FirebaseStorage */ = {
			isa = XCSwiftPackageProductDependency;
			package = 2A0349482F02A709003DECEA /* XCRemoteSwiftPackageReference "firebase-ios-sdk" */;
			productName = FirebaseStorage;
		};
/* End XCSwiftPackageProductDependency section */
	};
	rootObject = 2A8048CC2F029239001FA4CE /* Project object */;
}
